
Microsoft Visual Studio Solution File, Format Version 12.00
# Visual Studio 15
VisualStudioVersion = 15.0.27130.2036
MinimumVisualStudioVersion = 10.0.40219.1
Project("{9A19103F-16F7-4668-BE54-9A1E7A4F7556}") = "DumBot", "DumBot\DumBot.csproj", "{E8D523A9-829D-4AF1-8131-E82F6CF4FF35}"
EndProject
Project("{9A19103F-16F7-4668-BE54-9A1E7A4F7556}") = "DumBot.Tests", "DumBot.Tests\DumBot.Tests.csproj", "{58DB1313-2B08-40CB-8F60-94BBE33FB520}"
EndProject
Project("{FAE04EC0-301F-11D3-BF4B-00C04F79EFBC}") = "DumBot.Resources", "DumBot.Resources\DumBot.Resources.csproj", "{A4DA9A00-9D7E-4116-9DD7-D375B8EC486B}"
EndProject
Global
	GlobalSection(SolutionConfigurationPlatforms) = preSolution
		Debug|Any CPU = Debug|Any CPU
		Release|Any CPU = Release|Any CPU
	EndGlobalSection
	GlobalSection(ProjectConfigurationPlatforms) = postSolution
		{E8D523A9-829D-4AF1-8131-E82F6CF4FF35}.Debug|Any CPU.ActiveCfg = Debug|Any CPU
		{E8D523A9-829D-4AF1-8131-E82F6CF4FF35}.Debug|Any CPU.Build.0 = Debug|Any CPU
		{E8D523A9-829D-4AF1-8131-E82F6CF4FF35}.Release|Any CPU.ActiveCfg = Release|Any CPU
		{E8D523A9-829D-4AF1-8131-E82F6CF4FF35}.Release|Any CPU.Build.0 = Release|Any CPU
		{58DB1313-2B08-40CB-8F60-94BBE33FB520}.Debug|Any CPU.ActiveCfg = Debug|Any CPU
		{58DB1313-2B08-40CB-8F60-94BBE33FB520}.Debug|Any CPU.Build.0 = Debug|Any CPU
		{58DB1313-2B08-40CB-8F60-94BBE33FB520}.Release|Any CPU.ActiveCfg = Release|Any CPU
		{58DB1313-2B08-40CB-8F60-94BBE33FB520}.Release|Any CPU.Build.0 = Release|Any CPU
		{A4DA9A00-9D7E-4116-9DD7-D375B8EC486B}.Debug|Any CPU.ActiveCfg = Debug|Any CPU
		{A4DA9A00-9D7E-4116-9DD7-D375B8EC486B}.Debug|Any CPU.Build.0 = Debug|Any CPU
		{A4DA9A00-9D7E-4116-9DD7-D375B8EC486B}.Release|Any CPU.ActiveCfg = Release|Any CPU
		{A4DA9A00-9D7E-4116-9DD7-D375B8EC486B}.Release|Any CPU.Build.0 = Release|Any CPU
	EndGlobalSection
	GlobalSection(SolutionProperties) = preSolution
		HideSolutionNode = FALSE
	EndGlobalSection
	GlobalSection(ExtensibilityGlobals) = postSolution
		SolutionGuid = {A1DEDF66-63C7-497E-81FB-4E9D0B6A6192}
	EndGlobalSection
EndGlobal
